
Microsoft Visual Studio Solution File, Format Version 12.00
# Visual Studio Version 16
VisualStudioVersion = 16.0.31112.23
MinimumVisualStudioVersion = 10.0.40219.1
Project("{2150E333-8FDC-42A3-9474-1A3956D46DE8}") = "Solution Items", "Solution Items", "{BD4A4EE1-F6F5-4152-87B3-DF76E385EAF9}"
	ProjectSection(SolutionItems) = preProject
		.gitignore = .gitignore
		Directory.Build.props = Directory.Build.props
		global.json = global.json
	EndProjectSection
EndProject
Project("{9A19103F-16F7-4668-BE54-9A1E7A4F7556}") = "enova365.OnlineStoreWithErp", "enova365.OnlineStoreWithErp\enova365.OnlineStoreWithErp\enova365.OnlineStoreWithErp.csproj", "{5E6DECDC-1788-4E1F-858F-F4A2342FDD06}"
EndProject
Project("{9A19103F-16F7-4668-BE54-9A1E7A4F7556}") = "enova365.OnlineStoreWithErp.UI", "enova365.OnlineStoreWithErp\enova365.OnlineStoreWithErp.UI\enova365.OnlineStoreWithErp.UI.csproj", "{18B58C66-A6CB-4461-BE23-8793C48E668D}"
EndProject
Project("{9A19103F-16F7-4668-BE54-9A1E7A4F7556}") = "enova365.OnlineStoreWithErp.Tests", "enova365.OnlineStoreWithErp\enova365.OnlineStoreWithErp.Tests\enova365.OnlineStoreWithErp.Tests.csproj", "{0CB2AD0A-8B7E-4EAD-89BB-F9B733055BC6}"
EndProject
Global
	GlobalSection(SolutionConfigurationPlatforms) = preSolution
		Debug|Any CPU = Debug|Any CPU
		Release|Any CPU = Release|Any CPU
	EndGlobalSection
	GlobalSection(ProjectConfigurationPlatforms) = postSolution
		{5E6DECDC-1788-4E1F-858F-F4A2342FDD06}.Debug|Any CPU.ActiveCfg = Debug|Any CPU
		{5E6DECDC-1788-4E1F-858F-F4A2342FDD06}.Debug|Any CPU.Build.0 = Debug|Any CPU
		{5E6DECDC-1788-4E1F-858F-F4A2342FDD06}.Release|Any CPU.ActiveCfg = Release|Any CPU
		{5E6DECDC-1788-4E1F-858F-F4A2342FDD06}.Release|Any CPU.Build.0 = Release|Any CPU
		{18B58C66-A6CB-4461-BE23-8793C48E668D}.Debug|Any CPU.ActiveCfg = Debug|Any CPU
		{18B58C66-A6CB-4461-BE23-8793C48E668D}.Debug|Any CPU.Build.0 = Debug|Any CPU
		{18B58C66-A6CB-4461-BE23-8793C48E668D}.Release|Any CPU.ActiveCfg = Release|Any CPU
		{18B58C66-A6CB-4461-BE23-8793C48E668D}.Release|Any CPU.Build.0 = Release|Any CPU
		{0CB2AD0A-8B7E-4EAD-89BB-F9B733055BC6}.Debug|Any CPU.ActiveCfg = Debug|Any CPU
		{0CB2AD0A-8B7E-4EAD-89BB-F9B733055BC6}.Debug|Any CPU.Build.0 = Debug|Any CPU
		{0CB2AD0A-8B7E-4EAD-89BB-F9B733055BC6}.Release|Any CPU.ActiveCfg = Release|Any CPU
		{0CB2AD0A-8B7E-4EAD-89BB-F9B733055BC6}.Release|Any CPU.Build.0 = Release|Any CPU
	EndGlobalSection
	GlobalSection(SolutionProperties) = preSolution
		HideSolutionNode = FALSE
	EndGlobalSection
	GlobalSection(ExtensibilityGlobals) = postSolution
		SolutionGuid = {C0110CB8-1EFE-4512-B040-DCCC71744484}
	EndGlobalSection
EndGlobal
